
Microsoft Visual Studio Solution File, Format Version 12.00
# Visual Studio 15
VisualStudioVersion = 15.0.27703.2035
MinimumVisualStudioVersion = 10.0.40219.1
Project("{FAE04EC0-301F-11D3-BF4B-00C04F79EFBC}") = "ResortPrices", "ResortPrices\ResortPrices.csproj", "{F6FCCE99-A631-4A6B-9966-ADB08727C517}"
EndProject
Global
	GlobalSection(SolutionConfigurationPlatforms) = preSolution
		Debug|Any CPU = Debug|Any CPU
		Release|Any CPU = Release|Any CPU
	EndGlobalSection
	GlobalSection(ProjectConfigurationPlatforms) = postSolution
		{F6FCCE99-A631-4A6B-9966-ADB08727C517}.Debug|Any CPU.ActiveCfg = Debug|Any CPU
		{F6FCCE99-A631-4A6B-9966-ADB08727C517}.Debug|Any CPU.Build.0 = Debug|Any CPU
		{F6FCCE99-A631-4A6B-9966-ADB08727C517}.Release|Any CPU.ActiveCfg = Release|Any CPU
		{F6FCCE99-A631-4A6B-9966-ADB08727C517}.Release|Any CPU.Build.0 = Release|Any CPU
	EndGlobalSection
	GlobalSection(SolutionProperties) = preSolution
		HideSolutionNode = FALSE
	EndGlobalSection
	GlobalSection(ExtensibilityGlobals) = postSolution
		SolutionGuid = {694368B3-E64A-4EAA-B11A-54D23E844878}
	EndGlobalSection
EndGlobal
